
Microsoft Visual Studio Solution File, Format Version 10.00
# Visual Studio 2008
Project("{8BC9CEB8-8B4A-11D0-8D11-00A0C91BC942}") = "kwxport", "kwxportMerged.vcproj", "{28B57BE5-E17D-4480-8378-18EFACC74E18}"
EndProject
Project("{930C7802-8A8C-48F9-8165-68863BCCD9DD}") = "installer32", "..\installer32\installer32.wixproj", "{9146A5F6-22E0-4896-B4D4-838487FE2236}"
EndProject
Project("{930C7802-8A8C-48F9-8165-68863BCCD9DD}") = "installer64", "..\installer64\installer64.wixproj", "{9146A5F6-22E0-4896-B4D4-838487FE2237}"
EndProject
Global
	GlobalSection(SolutionConfigurationPlatforms) = preSolution
		Debug|Any CPU = Debug|Any CPU
		Debug|ia64 = Debug|ia64
		Debug|Mixed Platforms = Debug|Mixed Platforms
		Debug|Win32 = Debug|Win32
		Debug|x64 = Debug|x64
		Debug|x86 = Debug|x86
		Debug2008|Any CPU = Debug2008|Any CPU
		Debug2008|ia64 = Debug2008|ia64
		Debug2008|Mixed Platforms = Debug2008|Mixed Platforms
		Debug2008|Win32 = Debug2008|Win32
		Debug2008|x64 = Debug2008|x64
		Debug2008|x86 = Debug2008|x86
		Debug2009|Any CPU = Debug2009|Any CPU
		Debug2009|ia64 = Debug2009|ia64
		Debug2009|Mixed Platforms = Debug2009|Mixed Platforms
		Debug2009|Win32 = Debug2009|Win32
		Debug2009|x64 = Debug2009|x64
		Debug2009|x86 = Debug2009|x86
		Debug2010|Any CPU = Debug2010|Any CPU
		Debug2010|ia64 = Debug2010|ia64
		Debug2010|Mixed Platforms = Debug2010|Mixed Platforms
		Debug2010|Win32 = Debug2010|Win32
		Debug2010|x64 = Debug2010|x64
		Debug2010|x86 = Debug2010|x86
		Debug2011|Any CPU = Debug2011|Any CPU
		Debug2011|ia64 = Debug2011|ia64
		Debug2011|Mixed Platforms = Debug2011|Mixed Platforms
		Debug2011|Win32 = Debug2011|Win32
		Debug2011|x64 = Debug2011|x64
		Debug2011|x86 = Debug2011|x86
		Debug9|Any CPU = Debug9|Any CPU
		Debug9|ia64 = Debug9|ia64
		Debug9|Mixed Platforms = Debug9|Mixed Platforms
		Debug9|Win32 = Debug9|Win32
		Debug9|x64 = Debug9|x64
		Debug9|x86 = Debug9|x86
		Release|Any CPU = Release|Any CPU
		Release|ia64 = Release|ia64
		Release|Mixed Platforms = Release|Mixed Platforms
		Release|Win32 = Release|Win32
		Release|x64 = Release|x64
		Release|x86 = Release|x86
		Release2008|Any CPU = Release2008|Any CPU
		Release2008|ia64 = Release2008|ia64
		Release2008|Mixed Platforms = Release2008|Mixed Platforms
		Release2008|Win32 = Release2008|Win32
		Release2008|x64 = Release2008|x64
		Release2008|x86 = Release2008|x86
		Release2009|Any CPU = Release2009|Any CPU
		Release2009|ia64 = Release2009|ia64
		Release2009|Mixed Platforms = Release2009|Mixed Platforms
		Release2009|Win32 = Release2009|Win32
		Release2009|x64 = Release2009|x64
		Release2009|x86 = Release2009|x86
		Release2010|Any CPU = Release2010|Any CPU
		Release2010|ia64 = Release2010|ia64
		Release2010|Mixed Platforms = Release2010|Mixed Platforms
		Release2010|Win32 = Release2010|Win32
		Release2010|x64 = Release2010|x64
		Release2010|x86 = Release2010|x86
		Release2011|Any CPU = Release2011|Any CPU
		Release2011|ia64 = Release2011|ia64
		Release2011|Mixed Platforms = Release2011|Mixed Platforms
		Release2011|Win32 = Release2011|Win32
		Release2011|x64 = Release2011|x64
		Release2011|x86 = Release2011|x86
		Release9|Any CPU = Release9|Any CPU
		Release9|ia64 = Release9|ia64
		Release9|Mixed Platforms = Release9|Mixed Platforms
		Release9|Win32 = Release9|Win32
		Release9|x64 = Release9|x64
		Release9|x86 = Release9|x86
	EndGlobalSection
	GlobalSection(ProjectConfigurationPlatforms) = postSolution
		{28B57BE5-E17D-4480-8378-18EFACC74E18}.Debug|Any CPU.ActiveCfg = Debug9|Win32
		{28B57BE5-E17D-4480-8378-18EFACC74E18}.Debug|ia64.ActiveCfg = Debug2010|x64
		{28B57BE5-E17D-4480-8378-18EFACC74E18}.Debug|Mixed Platforms.ActiveCfg = Debug9|Win32
		{28B57BE5-E17D-4480-8378-18EFACC74E18}.Debug|Mixed Platforms.Build.0 = Debug9|Win32
		{28B57BE5-E17D-4480-8378-18EFACC74E18}.Debug|Win32.ActiveCfg = Debug9|Win32
		{28B57BE5-E17D-4480-8378-18EFACC74E18}.Debug|Win32.Build.0 = Debug9|Win32
		{28B57BE5-E17D-4480-8378-18EFACC74E18}.Debug|x64.ActiveCfg = Debug2010|x64
		{28B57BE5-E17D-4480-8378-18EFACC74E18}.Debug|x64.Build.0 = Debug2010|x64
		{28B57BE5-E17D-4480-8378-18EFACC74E18}.Debug|x86.ActiveCfg = Debug9|Win32
		{28B57BE5-E17D-4480-8378-18EFACC74E18}.Debug2008|Any CPU.ActiveCfg = Debug2008|Win32
		{28B57BE5-E17D-4480-8378-18EFACC74E18}.Debug2008|ia64.ActiveCfg = Debug2008|x64
		{28B57BE5-E17D-4480-8378-18EFACC74E18}.Debug2008|Mixed Platforms.ActiveCfg = Debug2008|Win32
		{28B57BE5-E17D-4480-8378-18EFACC74E18}.Debug2008|Mixed Platforms.Build.0 = Debug2008|Win32
		{28B57BE5-E17D-4480-8378-18EFACC74E18}.Debug2008|Win32.ActiveCfg = Debug2008|Win32
		{28B57BE5-E17D-4480-8378-18EFACC74E18}.Debug2008|Win32.Build.0 = Debug2008|Win32
		{28B57BE5-E17D-4480-8378-18EFACC74E18}.Debug2008|x64.ActiveCfg = Debug2008|x64
		{28B57BE5-E17D-4480-8378-18EFACC74E18}.Debug2008|x64.Build.0 = Debug2008|x64
		{28B57BE5-E17D-4480-8378-18EFACC74E18}.Debug2008|x86.ActiveCfg = Debug2008|Win32
		{28B57BE5-E17D-4480-8378-18EFACC74E18}.Debug2008|x86.Build.0 = Debug2008|Win32
		{28B57BE5-E17D-4480-8378-18EFACC74E18}.Debug2009|Any CPU.ActiveCfg = Debug2009|Win32
		{28B57BE5-E17D-4480-8378-18EFACC74E18}.Debug2009|ia64.ActiveCfg = Debug2009|x64
		{28B57BE5-E17D-4480-8378-18EFACC74E18}.Debug2009|Mixed Platforms.ActiveCfg = Debug2009|Win32
		{28B57BE5-E17D-4480-8378-18EFACC74E18}.Debug2009|Mixed Platforms.Build.0 = Debug2009|Win32
		{28B57BE5-E17D-4480-8378-18EFACC74E18}.Debug2009|Win32.ActiveCfg = Debug2009|Win32
		{28B57BE5-E17D-4480-8378-18EFACC74E18}.Debug2009|Win32.Build.0 = Debug2009|Win32
		{28B57BE5-E17D-4480-8378-18EFACC74E18}.Debug2009|x64.ActiveCfg = Debug2009|x64
		{28B57BE5-E17D-4480-8378-18EFACC74E18}.Debug2009|x64.Build.0 = Debug2009|x64
		{28B57BE5-E17D-4480-8378-18EFACC74E18}.Debug2009|x86.ActiveCfg = Debug2009|Win32
		{28B57BE5-E17D-4480-8378-18EFACC74E18}.Debug2009|x86.Build.0 = Debug2009|Win32
		{28B57BE5-E17D-4480-8378-18EFACC74E18}.Debug2010|Any CPU.ActiveCfg = Debug2010|x64
		{28B57BE5-E17D-4480-8378-18EFACC74E18}.Debug2010|ia64.ActiveCfg = Debug2010|x64
		{28B57BE5-E17D-4480-8378-18EFACC74E18}.Debug2010|Mixed Platforms.ActiveCfg = Debug2010|Win32
		{28B57BE5-E17D-4480-8378-18EFACC74E18}.Debug2010|Mixed Platforms.Build.0 = Debug2010|Win32
		{28B57BE5-E17D-4480-8378-18EFACC74E18}.Debug2010|Win32.ActiveCfg = Debug2010|Win32
		{28B57BE5-E17D-4480-8378-18EFACC74E18}.Debug2010|Win32.Build.0 = Debug2010|Win32
		{28B57BE5-E17D-4480-8378-18EFACC74E18}.Debug2010|x64.ActiveCfg = Debug2010|x64
		{28B57BE5-E17D-4480-8378-18EFACC74E18}.Debug2010|x64.Build.0 = Debug2010|x64
		{28B57BE5-E17D-4480-8378-18EFACC74E18}.Debug2010|x86.ActiveCfg = Debug2010|x64
		{28B57BE5-E17D-4480-8378-18EFACC74E18}.Debug2011|Any CPU.ActiveCfg = Debug2011|x64
		{28B57BE5-E17D-4480-8378-18EFACC74E18}.Debug2011|ia64.ActiveCfg = Debug2011|x64
		{28B57BE5-E17D-4480-8378-18EFACC74E18}.Debug2011|Mixed Platforms.ActiveCfg = Debug2011|x64
		{28B57BE5-E17D-4480-8378-18EFACC74E18}.Debug2011|Mixed Platforms.Build.0 = Debug2011|x64
		{28B57BE5-E17D-4480-8378-18EFACC74E18}.Debug2011|Win32.ActiveCfg = Debug2011|Win32
		{28B57BE5-E17D-4480-8378-18EFACC74E18}.Debug2011|Win32.Build.0 = Debug2011|Win32
		{28B57BE5-E17D-4480-8378-18EFACC74E18}.Debug2011|x64.ActiveCfg = Debug2011|x64
		{28B57BE5-E17D-4480-8378-18EFACC74E18}.Debug2011|x64.Build.0 = Debug2011|x64
		{28B57BE5-E17D-4480-8378-18EFACC74E18}.Debug2011|x86.ActiveCfg = Debug2011|Win32
		{28B57BE5-E17D-4480-8378-18EFACC74E18}.Debug2011|x86.Build.0 = Debug2011|Win32
		{28B57BE5-E17D-4480-8378-18EFACC74E18}.Debug9|Any CPU.ActiveCfg = Debug9|Win32
		{28B57BE5-E17D-4480-8378-18EFACC74E18}.Debug9|ia64.ActiveCfg = Debug9|x64
		{28B57BE5-E17D-4480-8378-18EFACC74E18}.Debug9|Mixed Platforms.ActiveCfg = Debug9|Win32
		{28B57BE5-E17D-4480-8378-18EFACC74E18}.Debug9|Mixed Platforms.Build.0 = Debug9|Win32
		{28B57BE5-E17D-4480-8378-18EFACC74E18}.Debug9|Win32.ActiveCfg = Debug9|Win32
		{28B57BE5-E17D-4480-8378-18EFACC74E18}.Debug9|Win32.Build.0 = Debug9|Win32
		{28B57BE5-E17D-4480-8378-18EFACC74E18}.Debug9|x64.ActiveCfg = Debug9|x64
		{28B57BE5-E17D-4480-8378-18EFACC74E18}.Debug9|x64.Build.0 = Debug9|x64
		{28B57BE5-E17D-4480-8378-18EFACC74E18}.Debug9|x86.ActiveCfg = Debug9|Win32
		{28B57BE5-E17D-4480-8378-18EFACC74E18}.Debug9|x86.Build.0 = Debug9|Win32
		{28B57BE5-E17D-4480-8378-18EFACC74E18}.Release|Any CPU.ActiveCfg = Release9|Win32
		{28B57BE5-E17D-4480-8378-18EFACC74E18}.Release|ia64.ActiveCfg = Release2010|x64
		{28B57BE5-E17D-4480-8378-18EFACC74E18}.Release|Mixed Platforms.ActiveCfg = Release9|Win32
		{28B57BE5-E17D-4480-8378-18EFACC74E18}.Release|Mixed Platforms.Build.0 = Release9|Win32
		{28B57BE5-E17D-4480-8378-18EFACC74E18}.Release|Win32.ActiveCfg = Release9|Win32
		{28B57BE5-E17D-4480-8378-18EFACC74E18}.Release|Win32.Build.0 = Release9|Win32
		{28B57BE5-E17D-4480-8378-18EFACC74E18}.Release|x64.ActiveCfg = Release2010|x64
		{28B57BE5-E17D-4480-8378-18EFACC74E18}.Release|x64.Build.0 = Release2010|x64
		{28B57BE5-E17D-4480-8378-18EFACC74E18}.Release|x86.ActiveCfg = Release2010|Win32
		{28B57BE5-E17D-4480-8378-18EFACC74E18}.Release|x86.Build.0 = Release2010|Win32
		{28B57BE5-E17D-4480-8378-18EFACC74E18}.Release2008|Any CPU.ActiveCfg = Release2008|Win32
		{28B57BE5-E17D-4480-8378-18EFACC74E18}.Release2008|ia64.ActiveCfg = Release2008|x64
		{28B57BE5-E17D-4480-8378-18EFACC74E18}.Release2008|Mixed Platforms.ActiveCfg = Release2008|Win32
		{28B57BE5-E17D-4480-8378-18EFACC74E18}.Release2008|Mixed Platforms.Build.0 = Release2008|Win32
		{28B57BE5-E17D-4480-8378-18EFACC74E18}.Release2008|Win32.ActiveCfg = Release2008|Win32
		{28B57BE5-E17D-4480-8378-18EFACC74E18}.Release2008|Win32.Build.0 = Release2008|Win32
		{28B57BE5-E17D-4480-8378-18EFACC74E18}.Release2008|x64.ActiveCfg = Release2008|x64
		{28B57BE5-E17D-4480-8378-18EFACC74E18}.Release2008|x64.Build.0 = Release2008|x64
		{28B57BE5-E17D-4480-8378-18EFACC74E18}.Release2008|x86.ActiveCfg = Release2008|Win32
		{28B57BE5-E17D-4480-8378-18EFACC74E18}.Release2008|x86.Build.0 = Release2008|Win32
		{28B57BE5-E17D-4480-8378-18EFACC74E18}.Release2009|Any CPU.ActiveCfg = Release2009|Win32
		{28B57BE5-E17D-4480-8378-18EFACC74E18}.Release2009|ia64.ActiveCfg = Release2009|x64
		{28B57BE5-E17D-4480-8378-18EFACC74E18}.Release2009|Mixed Platforms.ActiveCfg = Release2009|Win32
		{28B57BE5-E17D-4480-8378-18EFACC74E18}.Release2009|Mixed Platforms.Build.0 = Release2009|Win32
		{28B57BE5-E17D-4480-8378-18EFACC74E18}.Release2009|Win32.ActiveCfg = Release2009|Win32
		{28B57BE5-E17D-4480-8378-18EFACC74E18}.Release2009|Win32.Build.0 = Release2009|Win32
		{28B57BE5-E17D-4480-8378-18EFACC74E18}.Release2009|x64.ActiveCfg = Release2009|x64
		{28B57BE5-E17D-4480-8378-18EFACC74E18}.Release2009|x64.Build.0 = Release2009|x64
		{28B57BE5-E17D-4480-8378-18EFACC74E18}.Release2009|x86.ActiveCfg = Release2009|Win32
		{28B57BE5-E17D-4480-8378-18EFACC74E18}.Release2009|x86.Build.0 = Release2009|Win32
		{28B57BE5-E17D-4480-8378-18EFACC74E18}.Release2010|Any CPU.ActiveCfg = Release2010|x64
		{28B57BE5-E17D-4480-8378-18EFACC74E18}.Release2010|ia64.ActiveCfg = Release2010|x64
		{28B57BE5-E17D-4480-8378-18EFACC74E18}.Release2010|Mixed Platforms.ActiveCfg = Release2010|Win32
		{28B57BE5-E17D-4480-8378-18EFACC74E18}.Release2010|Mixed Platforms.Build.0 = Release2010|Win32
		{28B57BE5-E17D-4480-8378-18EFACC74E18}.Release2010|Win32.ActiveCfg = Release2010|Win32
		{28B57BE5-E17D-4480-8378-18EFACC74E18}.Release2010|Win32.Build.0 = Release2010|Win32
		{28B57BE5-E17D-4480-8378-18EFACC74E18}.Release2010|x64.ActiveCfg = Release2010|x64
		{28B57BE5-E17D-4480-8378-18EFACC74E18}.Release2010|x64.Build.0 = Release2010|x64
		{28B57BE5-E17D-4480-8378-18EFACC74E18}.Release2010|x86.ActiveCfg = Release2010|x64
		{28B57BE5-E17D-4480-8378-18EFACC74E18}.Release2011|Any CPU.ActiveCfg = Release2011|x64
		{28B57BE5-E17D-4480-8378-18EFACC74E18}.Release2011|ia64.ActiveCfg = Release2011|x64
		{28B57BE5-E17D-4480-8378-18EFACC74E18}.Release2011|Mixed Platforms.ActiveCfg = Release2011|x64
		{28B57BE5-E17D-4480-8378-18EFACC74E18}.Release2011|Mixed Platforms.Build.0 = Release2011|x64
		{28B57BE5-E17D-4480-8378-18EFACC74E18}.Release2011|Win32.ActiveCfg = Release2011|Win32
		{28B57BE5-E17D-4480-8378-18EFACC74E18}.Release2011|Win32.Build.0 = Release2011|Win32
		{28B57BE5-E17D-4480-8378-18EFACC74E18}.Release2011|x64.ActiveCfg = Release2011|x64
		{28B57BE5-E17D-4480-8378-18EFACC74E18}.Release2011|x64.Build.0 = Release2011|x64
		{28B57BE5-E17D-4480-8378-18EFACC74E18}.Release2011|x86.ActiveCfg = Release2011|Win32
		{28B57BE5-E17D-4480-8378-18EFACC74E18}.Release2011|x86.Build.0 = Release2011|Win32
		{28B57BE5-E17D-4480-8378-18EFACC74E18}.Release9|Any CPU.ActiveCfg = Release9|Win32
		{28B57BE5-E17D-4480-8378-18EFACC74E18}.Release9|ia64.ActiveCfg = Release9|x64
		{28B57BE5-E17D-4480-8378-18EFACC74E18}.Release9|Mixed Platforms.ActiveCfg = Release9|Win32
		{28B57BE5-E17D-4480-8378-18EFACC74E18}.Release9|Mixed Platforms.Build.0 = Release9|Win32
		{28B57BE5-E17D-4480-8378-18EFACC74E18}.Release9|Win32.ActiveCfg = Release9|Win32
		{28B57BE5-E17D-4480-8378-18EFACC74E18}.Release9|Win32.Build.0 = Release9|Win32
		{28B57BE5-E17D-4480-8378-18EFACC74E18}.Release9|x64.ActiveCfg = Release9|x64
		{28B57BE5-E17D-4480-8378-18EFACC74E18}.Release9|x86.ActiveCfg = Release9|Win32
		{28B57BE5-E17D-4480-8378-18EFACC74E18}.Release9|x86.Build.0 = Release9|Win32
		{9146A5F6-22E0-4896-B4D4-838487FE2236}.Debug|Any CPU.ActiveCfg = Debug|x86
		{9146A5F6-22E0-4896-B4D4-838487FE2236}.Debug|ia64.ActiveCfg = Debug|ia64
		{9146A5F6-22E0-4896-B4D4-838487FE2236}.Debug|ia64.Build.0 = Debug|ia64
		{9146A5F6-22E0-4896-B4D4-838487FE2236}.Debug|Mixed Platforms.ActiveCfg = Debug|x86
		{9146A5F6-22E0-4896-B4D4-838487FE2236}.Debug|Mixed Platforms.Build.0 = Debug|x86
		{9146A5F6-22E0-4896-B4D4-838487FE2236}.Debug|Win32.ActiveCfg = Debug|x86
		{9146A5F6-22E0-4896-B4D4-838487FE2236}.Debug|x64.ActiveCfg = Debug|x64
		{9146A5F6-22E0-4896-B4D4-838487FE2236}.Debug|x86.ActiveCfg = Debug|x86
		{9146A5F6-22E0-4896-B4D4-838487FE2236}.Debug|x86.Build.0 = Debug|x86
		{9146A5F6-22E0-4896-B4D4-838487FE2236}.Debug2008|Any CPU.ActiveCfg = Debug|x86
		{9146A5F6-22E0-4896-B4D4-838487FE2236}.Debug2008|ia64.ActiveCfg = Debug2010|x64
		{9146A5F6-22E0-4896-B4D4-838487FE2236}.Debug2008|Mixed Platforms.ActiveCfg = Debug|x86
		{9146A5F6-22E0-4896-B4D4-838487FE2236}.Debug2008|Win32.ActiveCfg = Debug|x86
		{9146A5F6-22E0-4896-B4D4-838487FE2236}.Debug2008|x64.ActiveCfg = Debug|x64
		{9146A5F6-22E0-4896-B4D4-838487FE2236}.Debug2008|x86.ActiveCfg = Debug|x86
		{9146A5F6-22E0-4896-B4D4-838487FE2236}.Debug2009|Any CPU.ActiveCfg = Debug|x86
		{9146A5F6-22E0-4896-B4D4-838487FE2236}.Debug2009|ia64.ActiveCfg = Debug2010|x64
		{9146A5F6-22E0-4896-B4D4-838487FE2236}.Debug2009|Mixed Platforms.ActiveCfg = Debug|x86
		{9146A5F6-22E0-4896-B4D4-838487FE2236}.Debug2009|Win32.ActiveCfg = Debug|x86
		{9146A5F6-22E0-4896-B4D4-838487FE2236}.Debug2009|x64.ActiveCfg = Debug|x64
		{9146A5F6-22E0-4896-B4D4-838487FE2236}.Debug2009|x86.ActiveCfg = Debug|x86
		{9146A5F6-22E0-4896-B4D4-838487FE2236}.Debug2010|Any CPU.ActiveCfg = Debug2010|ia64
		{9146A5F6-22E0-4896-B4D4-838487FE2236}.Debug2010|Any CPU.Build.0 = Debug2010|ia64
		{9146A5F6-22E0-4896-B4D4-838487FE2236}.Debug2010|ia64.ActiveCfg = Debug2010|ia64
		{9146A5F6-22E0-4896-B4D4-838487FE2236}.Debug2010|ia64.Build.0 = Debug2010|ia64
		{9146A5F6-22E0-4896-B4D4-838487FE2236}.Debug2010|Mixed Platforms.ActiveCfg = Debug2010|x86
		{9146A5F6-22E0-4896-B4D4-838487FE2236}.Debug2010|Mixed Platforms.Build.0 = Debug2010|x86
		{9146A5F6-22E0-4896-B4D4-838487FE2236}.Debug2010|Win32.ActiveCfg = Debug2010|x64
		{9146A5F6-22E0-4896-B4D4-838487FE2236}.Debug2010|x64.ActiveCfg = Debug2010|x64
		{9146A5F6-22E0-4896-B4D4-838487FE2236}.Debug2010|x86.ActiveCfg = Debug2010|x86
		{9146A5F6-22E0-4896-B4D4-838487FE2236}.Debug2010|x86.Build.0 = Debug2010|x86
		{9146A5F6-22E0-4896-B4D4-838487FE2236}.Debug2011|Any CPU.ActiveCfg = Debug2011|x64
		{9146A5F6-22E0-4896-B4D4-838487FE2236}.Debug2011|ia64.ActiveCfg = Debug2011|ia64
		{9146A5F6-22E0-4896-B4D4-838487FE2236}.Debug2011|ia64.Build.0 = Debug2011|ia64
		{9146A5F6-22E0-4896-B4D4-838487FE2236}.Debug2011|Mixed Platforms.ActiveCfg = Debug2011|x64
		{9146A5F6-22E0-4896-B4D4-838487FE2236}.Debug2011|Mixed Platforms.Build.0 = Debug2011|x64
		{9146A5F6-22E0-4896-B4D4-838487FE2236}.Debug2011|Win32.ActiveCfg = Debug2011|x86
		{9146A5F6-22E0-4896-B4D4-838487FE2236}.Debug2011|Win32.Build.0 = Debug2011|x86
		{9146A5F6-22E0-4896-B4D4-838487FE2236}.Debug2011|x64.ActiveCfg = Debug2011|x64
		{9146A5F6-22E0-4896-B4D4-838487FE2236}.Debug2011|x86.ActiveCfg = Debug2011|x86
		{9146A5F6-22E0-4896-B4D4-838487FE2236}.Debug2011|x86.Build.0 = Debug2011|x86
		{9146A5F6-22E0-4896-B4D4-838487FE2236}.Debug9|Any CPU.ActiveCfg = Debug|x86
		{9146A5F6-22E0-4896-B4D4-838487FE2236}.Debug9|ia64.ActiveCfg = Debug2010|x64
		{9146A5F6-22E0-4896-B4D4-838487FE2236}.Debug9|Mixed Platforms.ActiveCfg = Debug|x86
		{9146A5F6-22E0-4896-B4D4-838487FE2236}.Debug9|Win32.ActiveCfg = Debug|x86
		{9146A5F6-22E0-4896-B4D4-838487FE2236}.Debug9|x64.ActiveCfg = Debug|x64
		{9146A5F6-22E0-4896-B4D4-838487FE2236}.Debug9|x86.ActiveCfg = Debug|x86
		{9146A5F6-22E0-4896-B4D4-838487FE2236}.Release|Any CPU.ActiveCfg = Release|x86
		{9146A5F6-22E0-4896-B4D4-838487FE2236}.Release|ia64.ActiveCfg = Release|ia64
		{9146A5F6-22E0-4896-B4D4-838487FE2236}.Release|ia64.Build.0 = Release|ia64
		{9146A5F6-22E0-4896-B4D4-838487FE2236}.Release|Mixed Platforms.ActiveCfg = Release|x86
		{9146A5F6-22E0-4896-B4D4-838487FE2236}.Release|Mixed Platforms.Build.0 = Release|x86
		{9146A5F6-22E0-4896-B4D4-838487FE2236}.Release|Win32.ActiveCfg = Release|x86
		{9146A5F6-22E0-4896-B4D4-838487FE2236}.Release|x64.ActiveCfg = Release|x64
		{9146A5F6-22E0-4896-B4D4-838487FE2236}.Release|x86.ActiveCfg = Release|x86
		{9146A5F6-22E0-4896-B4D4-838487FE2236}.Release|x86.Build.0 = Release|x86
		{9146A5F6-22E0-4896-B4D4-838487FE2236}.Release2008|Any CPU.ActiveCfg = Release|x86
		{9146A5F6-22E0-4896-B4D4-838487FE2236}.Release2008|ia64.ActiveCfg = Release2010|x64
		{9146A5F6-22E0-4896-B4D4-838487FE2236}.Release2008|Mixed Platforms.ActiveCfg = Release|x86
		{9146A5F6-22E0-4896-B4D4-838487FE2236}.Release2008|Mixed Platforms.Build.0 = Release|x86
		{9146A5F6-22E0-4896-B4D4-838487FE2236}.Release2008|Win32.ActiveCfg = Release|x86
		{9146A5F6-22E0-4896-B4D4-838487FE2236}.Release2008|x64.ActiveCfg = Release|x64
		{9146A5F6-22E0-4896-B4D4-838487FE2236}.Release2008|x86.ActiveCfg = Release|x86
		{9146A5F6-22E0-4896-B4D4-838487FE2236}.Release2009|Any CPU.ActiveCfg = Release|x86
		{9146A5F6-22E0-4896-B4D4-838487FE2236}.Release2009|ia64.ActiveCfg = Release2010|x64
		{9146A5F6-22E0-4896-B4D4-838487FE2236}.Release2009|Mixed Platforms.ActiveCfg = Release|x86
		{9146A5F6-22E0-4896-B4D4-838487FE2236}.Release2009|Mixed Platforms.Build.0 = Release|x86
		{9146A5F6-22E0-4896-B4D4-838487FE2236}.Release2009|Win32.ActiveCfg = Release|x86
		{9146A5F6-22E0-4896-B4D4-838487FE2236}.Release2009|x64.ActiveCfg = Release|x64
		{9146A5F6-22E0-4896-B4D4-838487FE2236}.Release2009|x86.ActiveCfg = Release|x86
		{9146A5F6-22E0-4896-B4D4-838487FE2236}.Release2010|Any CPU.ActiveCfg = Release2010|ia64
		{9146A5F6-22E0-4896-B4D4-838487FE2236}.Release2010|Any CPU.Build.0 = Release2010|ia64
		{9146A5F6-22E0-4896-B4D4-838487FE2236}.Release2010|ia64.ActiveCfg = Release2010|ia64
		{9146A5F6-22E0-4896-B4D4-838487FE2236}.Release2010|ia64.Build.0 = Release2010|ia64
		{9146A5F6-22E0-4896-B4D4-838487FE2236}.Release2010|Mixed Platforms.ActiveCfg = Release2010|x86
		{9146A5F6-22E0-4896-B4D4-838487FE2236}.Release2010|Mixed Platforms.Build.0 = Release2010|x86
		{9146A5F6-22E0-4896-B4D4-838487FE2236}.Release2010|Win32.ActiveCfg = Release2010|x64
		{9146A5F6-22E0-4896-B4D4-838487FE2236}.Release2010|x64.ActiveCfg = Release2010|x64
		{9146A5F6-22E0-4896-B4D4-838487FE2236}.Release2010|x86.ActiveCfg = Release2010|x86
		{9146A5F6-22E0-4896-B4D4-838487FE2236}.Release2010|x86.Build.0 = Release2010|x86
		{9146A5F6-22E0-4896-B4D4-838487FE2236}.Release2011|Any CPU.ActiveCfg = Release2011|x64
		{9146A5F6-22E0-4896-B4D4-838487FE2236}.Release2011|ia64.ActiveCfg = Release2011|ia64
		{9146A5F6-22E0-4896-B4D4-838487FE2236}.Release2011|Mixed Platforms.ActiveCfg = Release2011|x64
		{9146A5F6-22E0-4896-B4D4-838487FE2236}.Release2011|Mixed Platforms.Build.0 = Release2011|x64
		{9146A5F6-22E0-4896-B4D4-838487FE2236}.Release2011|Win32.ActiveCfg = Release2011|x86
		{9146A5F6-22E0-4896-B4D4-838487FE2236}.Release2011|Win32.Build.0 = Release2011|x86
		{9146A5F6-22E0-4896-B4D4-838487FE2236}.Release2011|x64.ActiveCfg = Release2011|x64
		{9146A5F6-22E0-4896-B4D4-838487FE2236}.Release2011|x86.ActiveCfg = Release2011|x86
		{9146A5F6-22E0-4896-B4D4-838487FE2236}.Release2011|x86.Build.0 = Release2011|x86
		{9146A5F6-22E0-4896-B4D4-838487FE2236}.Release9|Any CPU.ActiveCfg = Release|x86
		{9146A5F6-22E0-4896-B4D4-838487FE2236}.Release9|ia64.ActiveCfg = Release2010|x64
		{9146A5F6-22E0-4896-B4D4-838487FE2236}.Release9|Mixed Platforms.ActiveCfg = Release|x86
		{9146A5F6-22E0-4896-B4D4-838487FE2236}.Release9|Mixed Platforms.Build.0 = Release|x86
		{9146A5F6-22E0-4896-B4D4-838487FE2236}.Release9|Win32.ActiveCfg = Release|x86
		{9146A5F6-22E0-4896-B4D4-838487FE2236}.Release9|x64.ActiveCfg = Release|x64
		{9146A5F6-22E0-4896-B4D4-838487FE2236}.Release9|x86.ActiveCfg = Release|x86
		{9146A5F6-22E0-4896-B4D4-838487FE2237}.Debug|Any CPU.ActiveCfg = Debug|x64
		{9146A5F6-22E0-4896-B4D4-838487FE2237}.Debug|ia64.ActiveCfg = Debug|ia64
		{9146A5F6-22E0-4896-B4D4-838487FE2237}.Debug|ia64.Build.0 = Debug|ia64
		{9146A5F6-22E0-4896-B4D4-838487FE2237}.Debug|Mixed Platforms.ActiveCfg = Debug|x64
		{9146A5F6-22E0-4896-B4D4-838487FE2237}.Debug|Mixed Platforms.Build.0 = Debug|x64
		{9146A5F6-22E0-4896-B4D4-838487FE2237}.Debug|Win32.ActiveCfg = Debug|x64
		{9146A5F6-22E0-4896-B4D4-838487FE2237}.Debug|x64.ActiveCfg = Debug|x64
		{9146A5F6-22E0-4896-B4D4-838487FE2237}.Debug|x64.Build.0 = Debug|x64
		{9146A5F6-22E0-4896-B4D4-838487FE2237}.Debug|x86.ActiveCfg = Debug|x86
		{9146A5F6-22E0-4896-B4D4-838487FE2237}.Debug|x86.Build.0 = Debug|x86
		{9146A5F6-22E0-4896-B4D4-838487FE2237}.Debug2008|Any CPU.ActiveCfg = Debug2010|x64
		{9146A5F6-22E0-4896-B4D4-838487FE2237}.Debug2008|ia64.ActiveCfg = Debug2010|x64
		{9146A5F6-22E0-4896-B4D4-838487FE2237}.Debug2008|Mixed Platforms.ActiveCfg = Debug2010|x64
		{9146A5F6-22E0-4896-B4D4-838487FE2237}.Debug2008|Mixed Platforms.Build.0 = Debug2010|x64
		{9146A5F6-22E0-4896-B4D4-838487FE2237}.Debug2008|Win32.ActiveCfg = Debug2010|x64
		{9146A5F6-22E0-4896-B4D4-838487FE2237}.Debug2008|x64.ActiveCfg = Debug2010|x64
		{9146A5F6-22E0-4896-B4D4-838487FE2237}.Debug2008|x64.Build.0 = Debug2010|x64
		{9146A5F6-22E0-4896-B4D4-838487FE2237}.Debug2008|x86.ActiveCfg = Debug2010|x64
		{9146A5F6-22E0-4896-B4D4-838487FE2237}.Debug2009|Any CPU.ActiveCfg = Debug2010|x64
		{9146A5F6-22E0-4896-B4D4-838487FE2237}.Debug2009|ia64.ActiveCfg = Debug2010|x64
		{9146A5F6-22E0-4896-B4D4-838487FE2237}.Debug2009|Mixed Platforms.ActiveCfg = Debug2010|x64
		{9146A5F6-22E0-4896-B4D4-838487FE2237}.Debug2009|Mixed Platforms.Build.0 = Debug2010|x64
		{9146A5F6-22E0-4896-B4D4-838487FE2237}.Debug2009|Win32.ActiveCfg = Debug2010|x64
		{9146A5F6-22E0-4896-B4D4-838487FE2237}.Debug2009|x64.ActiveCfg = Debug2010|x64
		{9146A5F6-22E0-4896-B4D4-838487FE2237}.Debug2009|x64.Build.0 = Debug2010|x64
		{9146A5F6-22E0-4896-B4D4-838487FE2237}.Debug2009|x86.ActiveCfg = Debug2010|x64
		{9146A5F6-22E0-4896-B4D4-838487FE2237}.Debug2010|Any CPU.ActiveCfg = Debug2010|x64
		{9146A5F6-22E0-4896-B4D4-838487FE2237}.Debug2010|ia64.ActiveCfg = Debug2010|ia64
		{9146A5F6-22E0-4896-B4D4-838487FE2237}.Debug2010|ia64.Build.0 = Debug2010|ia64
		{9146A5F6-22E0-4896-B4D4-838487FE2237}.Debug2010|Mixed Platforms.ActiveCfg = Debug2010|x64
		{9146A5F6-22E0-4896-B4D4-838487FE2237}.Debug2010|Mixed Platforms.Build.0 = Debug2010|x64
		{9146A5F6-22E0-4896-B4D4-838487FE2237}.Debug2010|Win32.ActiveCfg = Debug2010|x64
		{9146A5F6-22E0-4896-B4D4-838487FE2237}.Debug2010|x64.ActiveCfg = Debug2010|x64
		{9146A5F6-22E0-4896-B4D4-838487FE2237}.Debug2010|x64.Build.0 = Debug2010|x64
		{9146A5F6-22E0-4896-B4D4-838487FE2237}.Debug2010|x86.ActiveCfg = Debug2010|x86
		{9146A5F6-22E0-4896-B4D4-838487FE2237}.Debug2010|x86.Build.0 = Debug2010|x86
		{9146A5F6-22E0-4896-B4D4-838487FE2237}.Debug2011|Any CPU.ActiveCfg = Debug2011|x64
		{9146A5F6-22E0-4896-B4D4-838487FE2237}.Debug2011|ia64.ActiveCfg = Debug2011|ia64
		{9146A5F6-22E0-4896-B4D4-838487FE2237}.Debug2011|ia64.Build.0 = Debug2011|ia64
		{9146A5F6-22E0-4896-B4D4-838487FE2237}.Debug2011|Mixed Platforms.ActiveCfg = Debug2011|x64
		{9146A5F6-22E0-4896-B4D4-838487FE2237}.Debug2011|Mixed Platforms.Build.0 = Debug2011|x64
		{9146A5F6-22E0-4896-B4D4-838487FE2237}.Debug2011|Win32.ActiveCfg = Debug2011|x64
		{9146A5F6-22E0-4896-B4D4-838487FE2237}.Debug2011|x64.ActiveCfg = Debug2011|x64
		{9146A5F6-22E0-4896-B4D4-838487FE2237}.Debug2011|x86.ActiveCfg = Debug2011|x86
		{9146A5F6-22E0-4896-B4D4-838487FE2237}.Debug9|Any CPU.ActiveCfg = Debug2010|x64
		{9146A5F6-22E0-4896-B4D4-838487FE2237}.Debug9|ia64.ActiveCfg = Debug2010|x64
		{9146A5F6-22E0-4896-B4D4-838487FE2237}.Debug9|Mixed Platforms.ActiveCfg = Debug2010|x64
		{9146A5F6-22E0-4896-B4D4-838487FE2237}.Debug9|Mixed Platforms.Build.0 = Debug2010|x64
		{9146A5F6-22E0-4896-B4D4-838487FE2237}.Debug9|Win32.ActiveCfg = Debug2010|x64
		{9146A5F6-22E0-4896-B4D4-838487FE2237}.Debug9|x64.ActiveCfg = Debug2010|x64
		{9146A5F6-22E0-4896-B4D4-838487FE2237}.Debug9|x64.Build.0 = Debug2010|x64
		{9146A5F6-22E0-4896-B4D4-838487FE2237}.Debug9|x86.ActiveCfg = Debug2010|x64
		{9146A5F6-22E0-4896-B4D4-838487FE2237}.Release|Any CPU.ActiveCfg = Release|x64
		{9146A5F6-22E0-4896-B4D4-838487FE2237}.Release|ia64.ActiveCfg = Release|ia64
		{9146A5F6-22E0-4896-B4D4-838487FE2237}.Release|ia64.Build.0 = Release|ia64
		{9146A5F6-22E0-4896-B4D4-838487FE2237}.Release|Mixed Platforms.ActiveCfg = Release|x64
		{9146A5F6-22E0-4896-B4D4-838487FE2237}.Release|Mixed Platforms.Build.0 = Release|x64
		{9146A5F6-22E0-4896-B4D4-838487FE2237}.Release|Win32.ActiveCfg = Release|x64
		{9146A5F6-22E0-4896-B4D4-838487FE2237}.Release|x64.ActiveCfg = Release|x64
		{9146A5F6-22E0-4896-B4D4-838487FE2237}.Release|x64.Build.0 = Release|x64
		{9146A5F6-22E0-4896-B4D4-838487FE2237}.Release|x86.ActiveCfg = Release|x86
		{9146A5F6-22E0-4896-B4D4-838487FE2237}.Release2008|Any CPU.ActiveCfg = Release2010|x64
		{9146A5F6-22E0-4896-B4D4-838487FE2237}.Release2008|ia64.ActiveCfg = Release2010|x64
		{9146A5F6-22E0-4896-B4D4-838487FE2237}.Release2008|Mixed Platforms.ActiveCfg = Release2010|x64
		{9146A5F6-22E0-4896-B4D4-838487FE2237}.Release2008|Mixed Platforms.Build.0 = Release2010|x64
		{9146A5F6-22E0-4896-B4D4-838487FE2237}.Release2008|Win32.ActiveCfg = Release2010|x64
		{9146A5F6-22E0-4896-B4D4-838487FE2237}.Release2008|x64.ActiveCfg = Release2010|x64
		{9146A5F6-22E0-4896-B4D4-838487FE2237}.Release2008|x64.Build.0 = Release2010|x64
		{9146A5F6-22E0-4896-B4D4-838487FE2237}.Release2008|x86.ActiveCfg = Release2010|x64
		{9146A5F6-22E0-4896-B4D4-838487FE2237}.Release2009|Any CPU.ActiveCfg = Release2010|x64
		{9146A5F6-22E0-4896-B4D4-838487FE2237}.Release2009|ia64.ActiveCfg = Release2010|x64
		{9146A5F6-22E0-4896-B4D4-838487FE2237}.Release2009|Mixed Platforms.ActiveCfg = Release2010|x64
		{9146A5F6-22E0-4896-B4D4-838487FE2237}.Release2009|Mixed Platforms.Build.0 = Release2010|x64
		{9146A5F6-22E0-4896-B4D4-838487FE2237}.Release2009|Win32.ActiveCfg = Release2010|x64
		{9146A5F6-22E0-4896-B4D4-838487FE2237}.Release2009|x64.ActiveCfg = Release2010|x64
		{9146A5F6-22E0-4896-B4D4-838487FE2237}.Release2009|x64.Build.0 = Release2010|x64
		{9146A5F6-22E0-4896-B4D4-838487FE2237}.Release2009|x86.ActiveCfg = Release2010|x64
		{9146A5F6-22E0-4896-B4D4-838487FE2237}.Release2010|Any CPU.ActiveCfg = Release2010|x64
		{9146A5F6-22E0-4896-B4D4-838487FE2237}.Release2010|ia64.ActiveCfg = Release2010|ia64
		{9146A5F6-22E0-4896-B4D4-838487FE2237}.Release2010|ia64.Build.0 = Release2010|ia64
		{9146A5F6-22E0-4896-B4D4-838487FE2237}.Release2010|Mixed Platforms.ActiveCfg = Release2010|x64
		{9146A5F6-22E0-4896-B4D4-838487FE2237}.Release2010|Mixed Platforms.Build.0 = Release2010|x64
		{9146A5F6-22E0-4896-B4D4-838487FE2237}.Release2010|Win32.ActiveCfg = Release2010|x64
		{9146A5F6-22E0-4896-B4D4-838487FE2237}.Release2010|x64.ActiveCfg = Release2010|x64
		{9146A5F6-22E0-4896-B4D4-838487FE2237}.Release2010|x64.Build.0 = Release2010|x64
		{9146A5F6-22E0-4896-B4D4-838487FE2237}.Release2010|x86.ActiveCfg = Release2010|x86
		{9146A5F6-22E0-4896-B4D4-838487FE2237}.Release2010|x86.Build.0 = Release2010|x86
		{9146A5F6-22E0-4896-B4D4-838487FE2237}.Release2011|Any CPU.ActiveCfg = Release2011|x64
		{9146A5F6-22E0-4896-B4D4-838487FE2237}.Release2011|ia64.ActiveCfg = Release2011|ia64
		{9146A5F6-22E0-4896-B4D4-838487FE2237}.Release2011|ia64.Build.0 = Release2011|ia64
		{9146A5F6-22E0-4896-B4D4-838487FE2237}.Release2011|Mixed Platforms.ActiveCfg = Release2011|x64
		{9146A5F6-22E0-4896-B4D4-838487FE2237}.Release2011|Mixed Platforms.Build.0 = Release2011|x64
		{9146A5F6-22E0-4896-B4D4-838487FE2237}.Release2011|Win32.ActiveCfg = Release2011|x64
		{9146A5F6-22E0-4896-B4D4-838487FE2237}.Release2011|x64.ActiveCfg = Release2011|x64
		{9146A5F6-22E0-4896-B4D4-838487FE2237}.Release2011|x64.Build.0 = Release2011|x64
		{9146A5F6-22E0-4896-B4D4-838487FE2237}.Release2011|x86.ActiveCfg = Release2011|x86
		{9146A5F6-22E0-4896-B4D4-838487FE2237}.Release9|Any CPU.ActiveCfg = Release2010|x64
		{9146A5F6-22E0-4896-B4D4-838487FE2237}.Release9|ia64.ActiveCfg = Release2010|x64
		{9146A5F6-22E0-4896-B4D4-838487FE2237}.Release9|Mixed Platforms.ActiveCfg = Release2010|x64
		{9146A5F6-22E0-4896-B4D4-838487FE2237}.Release9|Mixed Platforms.Build.0 = Release2010|x64
		{9146A5F6-22E0-4896-B4D4-838487FE2237}.Release9|Win32.ActiveCfg = Release2010|x64
		{9146A5F6-22E0-4896-B4D4-838487FE2237}.Release9|x64.ActiveCfg = Release2010|x64
		{9146A5F6-22E0-4896-B4D4-838487FE2237}.Release9|x64.Build.0 = Release2010|x64
		{9146A5F6-22E0-4896-B4D4-838487FE2237}.Release9|x86.ActiveCfg = Release2010|x64
	EndGlobalSection
	GlobalSection(SolutionProperties) = preSolution
		HideSolutionNode = FALSE
	EndGlobalSection
EndGlobal
